
Microsoft Visual Studio Solution File, Format Version 12.00
# Visual Studio Version 16
VisualStudioVersion = 16.0.31702.278
MinimumVisualStudioVersion = 10.0.40219.1
Project("{8BC9CEB8-8B4A-11D0-8D11-00A0C91BC942}") = "Lab 5.5", "Lab 5.5\Lab 5.5.vcxproj", "{0B606F7D-A455-46E8-9C57-5E5FBEB2986F}"
EndProject
Project("{8BC9CEB8-8B4A-11D0-8D11-00A0C91BC942}") = "UnitTest1", "UnitTest1\UnitTest1.vcxproj", "{0D158355-B0E7-435B-8A53-D637DA780473}"
EndProject
Global
	GlobalSection(SolutionConfigurationPlatforms) = preSolution
		Debug|x64 = Debug|x64
		Debug|x86 = Debug|x86
		Release|x64 = Release|x64
		Release|x86 = Release|x86
	EndGlobalSection
	GlobalSection(ProjectConfigurationPlatforms) = postSolution
		{0B606F7D-A455-46E8-9C57-5E5FBEB2986F}.Debug|x64.ActiveCfg = Debug|x64
		{0B606F7D-A455-46E8-9C57-5E5FBEB2986F}.Debug|x64.Build.0 = Debug|x64
		{0B606F7D-A455-46E8-9C57-5E5FBEB2986F}.Debug|x86.ActiveCfg = Debug|Win32
		{0B606F7D-A455-46E8-9C57-5E5FBEB2986F}.Debug|x86.Build.0 = Debug|Win32
		{0B606F7D-A455-46E8-9C57-5E5FBEB2986F}.Release|x64.ActiveCfg = Release|x64
		{0B606F7D-A455-46E8-9C57-5E5FBEB2986F}.Release|x64.Build.0 = Release|x64
		{0B606F7D-A455-46E8-9C57-5E5FBEB2986F}.Release|x86.ActiveCfg = Release|Win32
		{0B606F7D-A455-46E8-9C57-5E5FBEB2986F}.Release|x86.Build.0 = Release|Win32
		{0D158355-B0E7-435B-8A53-D637DA780473}.Debug|x64.ActiveCfg = Debug|x64
		{0D158355-B0E7-435B-8A53-D637DA780473}.Debug|x64.Build.0 = Debug|x64
		{0D158355-B0E7-435B-8A53-D637DA780473}.Debug|x86.ActiveCfg = Debug|Win32
		{0D158355-B0E7-435B-8A53-D637DA780473}.Debug|x86.Build.0 = Debug|Win32
		{0D158355-B0E7-435B-8A53-D637DA780473}.Release|x64.ActiveCfg = Release|x64
		{0D158355-B0E7-435B-8A53-D637DA780473}.Release|x64.Build.0 = Release|x64
		{0D158355-B0E7-435B-8A53-D637DA780473}.Release|x86.ActiveCfg = Release|Win32
		{0D158355-B0E7-435B-8A53-D637DA780473}.Release|x86.Build.0 = Release|Win32
	EndGlobalSection
	GlobalSection(SolutionProperties) = preSolution
		HideSolutionNode = FALSE
	EndGlobalSection
	GlobalSection(ExtensibilityGlobals) = postSolution
		SolutionGuid = {4EF1FA95-7316-43DB-977F-517F685B0050}
	EndGlobalSection
EndGlobal
